{
  "requires": true,
  "lockfileVersion": 1,
  "dependencies": {
    "nodejs_bsk": {
      "version": "1.0.0",
      "resolved": "https://registry.npmjs.org/nodejs_bsk/-/nodejs_bsk-1.0.0.tgz",
      "integrity": "sha512-MLYAN9C28kf6G3tL7QYimit80466QuklJcy5MPDvx2I0jqvPF2rAKKrw5qo2seV2E2obebBqE2VbfokJOyI15w=="
    }
  }
}
